
Microsoft Visual Studio Solution File, Format Version 11.00
# Visual Studio 2010
Project("{059D6162-CD51-11D0-AE1F-00A0C90FFFC3}") = "ALLTRACKAUTO", "ALLTRACKAUTO.dsp", "{A8B9DE38-E9E1-463A-A9C3-C8B288A4F595}"
EndProject
Global
	GlobalSection(SolutionProperties) = preSolution
		HideSolutionNode = FALSE
	EndGlobalSection
EndGlobal
